<?xml version="1.0" encoding="utf-8"?>
<Project ToolsVersion="4.0" xmlns="http://schemas.microsoft.com/developer/msbuild/2003">
  <ItemGroup>
    <Filter Include="Source Files">
      <UniqueIdentifier>{4FC737F1-C7A5-4376-A066-2A32D752A2FF}</UniqueIdentifier>
      <Extensions>cpp;c;cc;cxx;def;odl;idl;hpj;bat;asm;asmx</Extensions>
    </Filter>
    <Filter Include="Header Files">
      <UniqueIdentifier>{93995380-89BD-4b04-88EB-625FBE52EBFB}</UniqueIdentifier>
      <Extensions>h;hpp;hxx;hm;inl;inc;xsd</Extensions>
    </Filter>
    <Filter Include="Resource Files">
      <UniqueIdentifier>{67DA6AB6-F800-4c08-8B7A-83BB121AAD01}</UniqueIdentifier>
      <Extensions>rc;ico;cur;bmp;dlg;rc2;rct;bin;rgs;gif;jpg;jpeg;jpe;resx;tiff;tif;png;wav;mfcribbon-ms</Extensions>
    </Filter>
  </ItemGroup>
  <ItemGroup>
    <ClInclude Include="TNeuron.h">
      <Filter>Header Files</Filter>
    </ClInclude>
    <ClInclude Include="TSynapse.h">
      <Filter>Header Files</Filter>
    </ClInclude>
    <ClInclude Include="TPoolConnection.h">
      <Filter>Header Files</Filter>
    </ClInclude>
    <ClInclude Include="TNeuralPool.h">
      <Filter>Header Files</Filter>
    </ClInclude>
    <ClInclude Include="TPoolPredConnection.h">
      <Filter>Header Files</Filter>
    </ClInclude>
    <ClInclude Include="TPoolNetwork.h">
      <Filter>Header Files</Filter>
    </ClInclude>
    <ClInclude Include="TPredConnection.h">
      <Filter>Header Files</Filter>
    </ClInclude>
    <ClInclude Include="TNeuralNetwork.h">
      <Filter>Header Files</Filter>
    </ClInclude>
    <ClInclude Include="service.h">
      <Filter>Header Files</Filter>
    </ClInclude>
    <ClInclude Include="TEnvironment.h">
      <Filter>Header Files</Filter>
    </ClInclude>
    <ClInclude Include="TAgent.h">
      <Filter>Header Files</Filter>
    </ClInclude>
    <ClInclude Include="TPopulation.h">
      <Filter>Header Files</Filter>
    </ClInclude>
    <ClInclude Include="TEvolutionaryProcess.h">
      <Filter>Header Files</Filter>
    </ClInclude>
    <ClInclude Include="TParallelEvolutionaryProcess.h">
      <Filter>Header Files</Filter>
    </ClInclude>
    <ClInclude Include="TAnalysis.h">
      <Filter>Header Files</Filter>
    </ClInclude>
    <ClInclude Include="TBehaviorAnalysis.h">
      <Filter>Header Files</Filter>
    </ClInclude>
    <ClInclude Include="settings.h">
      <Filter>Header Files</Filter>
    </ClInclude>
    <ClInclude Include="THypercubeEnvironment.h">
      <Filter>Header Files</Filter>
    </ClInclude>
    <ClInclude Include="TTopologyAnalysis.h">
      <Filter>Header Files</Filter>
    </ClInclude>
    <ClInclude Include="config.h">
      <Filter>Header Files</Filter>
    </ClInclude>
    <ClInclude Include="tests.h">
      <Filter>Header Files</Filter>
    </ClInclude>
    <ClInclude Include="techanalysis.h">
      <Filter>Header Files</Filter>
    </ClInclude>
    <ClInclude Include="TSharedEvolutionaryProcess.h">
      <Filter>Header Files</Filter>
    </ClInclude>
    <ClInclude Include="TEnkiAgent.h">
      <Filter>Header Files</Filter>
    </ClInclude>
    <ClInclude Include="TEnkiEnvironment.h">
      <Filter>Header Files</Filter>
    </ClInclude>
    <ClInclude Include="TEnkiEvolutionaryProcess.h">
      <Filter>Header Files</Filter>
    </ClInclude>
    <ClInclude Include="RestrictedHypercubeEnv.h">
      <Filter>Header Files</Filter>
    </ClInclude>
  </ItemGroup>
  <ItemGroup>
    <ClCompile Include="TNeuralPool.cpp">
      <Filter>Source Files</Filter>
    </ClCompile>
    <ClCompile Include="main.cpp">
      <Filter>Source Files</Filter>
    </ClCompile>
    <ClCompile Include="TPoolNetwork.cpp">
      <Filter>Source Files</Filter>
    </ClCompile>
    <ClCompile Include="TPoolConnection.cpp">
      <Filter>Source Files</Filter>
    </ClCompile>
    <ClCompile Include="TPoolPredConnection.cpp">
      <Filter>Source Files</Filter>
    </ClCompile>
    <ClCompile Include="TSynapse.cpp">
      <Filter>Source Files</Filter>
    </ClCompile>
    <ClCompile Include="TPredConnection.cpp">
      <Filter>Source Files</Filter>
    </ClCompile>
    <ClCompile Include="TNeuron.cpp">
      <Filter>Source Files</Filter>
    </ClCompile>
    <ClCompile Include="TNeuralNetwork.cpp">
      <Filter>Source Files</Filter>
    </ClCompile>
    <ClCompile Include="service.cpp">
      <Filter>Source Files</Filter>
    </ClCompile>
    <ClCompile Include="tests.cpp">
      <Filter>Source Files</Filter>
    </ClCompile>
    <ClCompile Include="TAgent.cpp">
      <Filter>Source Files</Filter>
    </ClCompile>
    <ClCompile Include="TEvolutionaryProcess.cpp">
      <Filter>Source Files</Filter>
    </ClCompile>
    <ClCompile Include="TParallelEvolutionaryProcess.cpp">
      <Filter>Source Files</Filter>
    </ClCompile>
    <ClCompile Include="TAnalysis.cpp">
      <Filter>Source Files</Filter>
    </ClCompile>
    <ClCompile Include="TBehaviorAnalysis.cpp">
      <Filter>Source Files</Filter>
    </ClCompile>
    <ClCompile Include="setttings.cpp">
      <Filter>Source Files</Filter>
    </ClCompile>
    <ClCompile Include="THypercubeEnvironment.cpp">
      <Filter>Source Files</Filter>
    </ClCompile>
    <ClCompile Include="TTopologyAnalysis.cpp">
      <Filter>Source Files</Filter>
    </ClCompile>
    <ClCompile Include="techanalysis.cpp">
      <Filter>Source Files</Filter>
    </ClCompile>
    <ClCompile Include="TSharedEvolutionaryProcess.cpp">
      <Filter>Source Files</Filter>
    </ClCompile>
    <ClCompile Include="TEnkiAgent.cpp">
      <Filter>Source Files</Filter>
    </ClCompile>
    <ClCompile Include="TEnkiEnvironment.cpp">
      <Filter>Source Files</Filter>
    </ClCompile>
    <ClCompile Include="TEnkiEvolutionaryProcess.cpp">
      <Filter>Source Files</Filter>
    </ClCompile>
    <ClCompile Include="RestrictedHypercubeEnv.cpp">
      <Filter>Source Files</Filter>
    </ClCompile>
  </ItemGroup>
</Project>